<?xml version="1.0" encoding="utf-8"?>
<Project ToolsVersion="4.0" xmlns="http://schemas.microsoft.com/developer/msbuild/2003">
  <ItemGroup>
    <Filter Include="源文件">
      <UniqueIdentifier>{4FC737F1-C7A5-4376-A066-2A32D752A2FF}</UniqueIdentifier>
      <Extensions>cpp;c;cc;cxx;def;odl;idl;hpj;bat;asm;asmx</Extensions>
    </Filter>
    <Filter Include="头文件">
      <UniqueIdentifier>{93995380-89BD-4b04-88EB-625FBE52EBFB}</UniqueIdentifier>
      <Extensions>h;hh;hpp;hxx;hm;inl;inc;xsd</Extensions>
    </Filter>
    <Filter Include="资源文件">
      <UniqueIdentifier>{67DA6AB6-F800-4c08-8B7A-83BB121AAD01}</UniqueIdentifier>
      <Extensions>rc;ico;cur;bmp;dlg;rc2;rct;bin;rgs;gif;jpg;jpeg;jpe;resx;tiff;tif;png;wav;mfcribbon-ms</Extensions>
    </Filter>
    <Filter Include="message">
      <UniqueIdentifier>{14e88d29-f2e2-456e-9375-397e9a1cbdcb}</UniqueIdentifier>
    </Filter>
    <Filter Include="module">
      <UniqueIdentifier>{31db418e-a1e2-4819-8563-2fbb7fa80f3d}</UniqueIdentifier>
    </Filter>
    <Filter Include="table">
      <UniqueIdentifier>{e594e8ef-2121-409e-9770-217678098f06}</UniqueIdentifier>
    </Filter>
    <Filter Include="entity">
      <UniqueIdentifier>{4fe510eb-f8a1-4ff9-8fbb-4506319fdf0c}</UniqueIdentifier>
    </Filter>
  </ItemGroup>
  <ItemGroup>
    <ClCompile Include="main.cpp">
      <Filter>源文件</Filter>
    </ClCompile>
    <ClCompile Include="Application.cpp">
      <Filter>源文件</Filter>
    </ClCompile>
    <ClCompile Include="PlayerMgr.cpp">
      <Filter>源文件</Filter>
    </ClCompile>
    <ClCompile Include="stdafx.cpp">
      <Filter>源文件</Filter>
    </ClCompile>
    <ClCompile Include="Player.cpp">
      <Filter>源文件</Filter>
    </ClCompile>
    <ClCompile Include="ModuleManager.cpp">
      <Filter>源文件</Filter>
    </ClCompile>
    <ClCompile Include="BaseModule.cpp">
      <Filter>头文件</Filter>
    </ClCompile>
    <ClCompile Include="Log.cpp">
      <Filter>源文件</Filter>
    </ClCompile>
    <ClCompile Include="MapManager.cpp">
      <Filter>源文件</Filter>
    </ClCompile>
    <ClCompile Include="cell.cpp">
      <Filter>源文件</Filter>
    </ClCompile>
    <ClCompile Include="..\..\new\proto\protobuf\login.pb.cc">
      <Filter>message</Filter>
    </ClCompile>
    <ClCompile Include="..\..\new\proto\protobuf\player.pb.cc">
      <Filter>message</Filter>
    </ClCompile>
    <ClCompile Include="XinfaModule.cpp">
      <Filter>module</Filter>
    </ClCompile>
    <ClCompile Include="..\..\new\proto\protobuf\xinfa.pb.cc">
      <Filter>message</Filter>
    </ClCompile>
    <ClCompile Include="Initialer.cpp">
      <Filter>源文件</Filter>
    </ClCompile>
    <ClCompile Include="AccountNetClient.cpp">
      <Filter>源文件</Filter>
    </ClCompile>
    <ClCompile Include="DBNetClient.cpp">
      <Filter>源文件</Filter>
    </ClCompile>
    <ClCompile Include="IComponent.cpp">
      <Filter>头文件</Filter>
    </ClCompile>
    <ClCompile Include="ObjectModule.cpp">
      <Filter>module</Filter>
    </ClCompile>
    <ClCompile Include="..\..\new\proto\protobuf\general.pb.cc">
      <Filter>message</Filter>
    </ClCompile>
    <ClCompile Include="..\..\new\proto\protobuf\object.pb.cc">
      <Filter>message</Filter>
    </ClCompile>
  </ItemGroup>
  <ItemGroup>
    <ClInclude Include="Application.h">
      <Filter>头文件</Filter>
    </ClInclude>
    <ClInclude Include="PlayerMgr.h">
      <Filter>头文件</Filter>
    </ClInclude>
    <ClInclude Include="stdafx.h">
      <Filter>头文件</Filter>
    </ClInclude>
    <ClInclude Include="Player.h">
      <Filter>头文件</Filter>
    </ClInclude>
    <ClInclude Include="ModuleManager.h">
      <Filter>头文件</Filter>
    </ClInclude>
    <ClInclude Include="BaseModule.h">
      <Filter>头文件</Filter>
    </ClInclude>
    <ClInclude Include="Log.h">
      <Filter>头文件</Filter>
    </ClInclude>
    <ClInclude Include="MapManager.h">
      <Filter>头文件</Filter>
    </ClInclude>
    <ClInclude Include="Cell.h">
      <Filter>头文件</Filter>
    </ClInclude>
    <ClInclude Include="XinfaModule.h">
      <Filter>module</Filter>
    </ClInclude>
    <ClInclude Include="Initialer.h">
      <Filter>头文件</Filter>
    </ClInclude>
    <ClInclude Include="AccountNetClient.h">
      <Filter>头文件</Filter>
    </ClInclude>
    <ClInclude Include="DBNetClient.h">
      <Filter>头文件</Filter>
    </ClInclude>
    <ClInclude Include="IComponent.h">
      <Filter>头文件</Filter>
    </ClInclude>
    <ClInclude Include="ObjectModule.h">
      <Filter>module</Filter>
    </ClInclude>
    <ClInclude Include="table\type_npc_action.h">
      <Filter>table</Filter>
    </ClInclude>
    <ClInclude Include="table\type_npc_talk.h">
      <Filter>table</Filter>
    </ClInclude>
    <ClInclude Include="table\type_prop.h">
      <Filter>table</Filter>
    </ClInclude>
    <ClInclude Include="table\type_sell_props.h">
      <Filter>table</Filter>
    </ClInclude>
    <ClInclude Include="entity\object_entity.h">
      <Filter>entity</Filter>
    </ClInclude>
  </ItemGroup>
</Project>