
Microsoft Visual Studio Solution File, Format Version 12.00
# Visual Studio 2013
VisualStudioVersion = 12.0.21005.1
MinimumVisualStudioVersion = 10.0.40219.1
Project("{8BC9CEB8-8B4A-11D0-8D11-00A0C91BC942}") = "Server", "hh\hh.vcxproj", "{C8A51742-49AA-46ED-B64D-12ACAF92A0D8}"
EndProject
Project("{8BC9CEB8-8B4A-11D0-8D11-00A0C91BC942}") = "Client", "ServerMgr\ServerMgr.vcxproj", "{23A99656-942A-4F7A-80B0-8C5FBACE7C0E}"
EndProject
Project("{8BC9CEB8-8B4A-11D0-8D11-00A0C91BC942}") = "Public", "Public\Public.vcxproj", "{B0760903-0839-4713-9E5D-D93372C9020B}"
EndProject
Project("{8BC9CEB8-8B4A-11D0-8D11-00A0C91BC942}") = "Learning", "Learning\Learning.vcxproj", "{129C3125-26C1-4282-AE5E-F8AC00BDC772}"
EndProject
Project("{8BC9CEB8-8B4A-11D0-8D11-00A0C91BC942}") = "Lua", "Lua\Lua.vcxproj", "{1C847BC1-A375-4D76-966A-BD028C342EAE}"
EndProject
Project("{8BC9CEB8-8B4A-11D0-8D11-00A0C91BC942}") = "Account", "Account\Account.vcxproj", "{B647DCC8-0F93-4772-B92B-488ED35C2E2C}"
EndProject
Project("{8BC9CEB8-8B4A-11D0-8D11-00A0C91BC942}") = "HttpClient", "HttpClient\HttpClient.vcxproj", "{86C2A60A-F357-4144-AFD6-F21A5F6DCE5D}"
EndProject
Project("{8BC9CEB8-8B4A-11D0-8D11-00A0C91BC942}") = "DataBase", "DataBase\DataBase.vcxproj", "{18EB5A95-69B7-4DAA-9CBC-CDCDEF4D5694}"
EndProject
Project("{8BC9CEB8-8B4A-11D0-8D11-00A0C91BC942}") = "Tools", "Tools\Tools.vcxproj", "{4622D4B1-C384-4A5C-9EC9-730AD8602EA7}"
EndProject
Project("{8BC9CEB8-8B4A-11D0-8D11-00A0C91BC942}") = "xlib", "xlib\xlib.vcxproj", "{8FF832F5-B65F-4671-B86B-ED6437CFE788}"
EndProject
Project("{8BC9CEB8-8B4A-11D0-8D11-00A0C91BC942}") = "xx_game", "xx_game\xx_game.vcxproj", "{893034F0-5D02-4A0C-9B4D-2807F6D7F3E2}"
EndProject
Project("{5697748A-77EF-44CA-8824-4F5637E5945B}") = "xx_lua", "xx_game\xx_lua.luaproj", "{EF9B1E4C-726C-4F2C-B029-8399AB692325}"
EndProject
Global
	GlobalSection(SolutionConfigurationPlatforms) = preSolution
		Debug|Any CPU = Debug|Any CPU
		Debug|Mixed Platforms = Debug|Mixed Platforms
		Debug|Win32 = Debug|Win32
		Debug|x64 = Debug|x64
		Release|Any CPU = Release|Any CPU
		Release|Mixed Platforms = Release|Mixed Platforms
		Release|Win32 = Release|Win32
		Release|x64 = Release|x64
	EndGlobalSection
	GlobalSection(ProjectConfigurationPlatforms) = postSolution
		{C8A51742-49AA-46ED-B64D-12ACAF92A0D8}.Debug|Any CPU.ActiveCfg = Debug|Win32
		{C8A51742-49AA-46ED-B64D-12ACAF92A0D8}.Debug|Mixed Platforms.ActiveCfg = Debug|Win32
		{C8A51742-49AA-46ED-B64D-12ACAF92A0D8}.Debug|Mixed Platforms.Build.0 = Debug|Win32
		{C8A51742-49AA-46ED-B64D-12ACAF92A0D8}.Debug|Win32.ActiveCfg = Debug|Win32
		{C8A51742-49AA-46ED-B64D-12ACAF92A0D8}.Debug|Win32.Build.0 = Debug|Win32
		{C8A51742-49AA-46ED-B64D-12ACAF92A0D8}.Debug|x64.ActiveCfg = Debug|x64
		{C8A51742-49AA-46ED-B64D-12ACAF92A0D8}.Debug|x64.Build.0 = Debug|x64
		{C8A51742-49AA-46ED-B64D-12ACAF92A0D8}.Release|Any CPU.ActiveCfg = Release|Win32
		{C8A51742-49AA-46ED-B64D-12ACAF92A0D8}.Release|Mixed Platforms.ActiveCfg = Release|Win32
		{C8A51742-49AA-46ED-B64D-12ACAF92A0D8}.Release|Mixed Platforms.Build.0 = Release|Win32
		{C8A51742-49AA-46ED-B64D-12ACAF92A0D8}.Release|Win32.ActiveCfg = Release|Win32
		{C8A51742-49AA-46ED-B64D-12ACAF92A0D8}.Release|Win32.Build.0 = Release|Win32
		{C8A51742-49AA-46ED-B64D-12ACAF92A0D8}.Release|x64.ActiveCfg = Release|x64
		{C8A51742-49AA-46ED-B64D-12ACAF92A0D8}.Release|x64.Build.0 = Release|x64
		{23A99656-942A-4F7A-80B0-8C5FBACE7C0E}.Debug|Any CPU.ActiveCfg = Debug|Win32
		{23A99656-942A-4F7A-80B0-8C5FBACE7C0E}.Debug|Mixed Platforms.ActiveCfg = Debug|Win32
		{23A99656-942A-4F7A-80B0-8C5FBACE7C0E}.Debug|Mixed Platforms.Build.0 = Debug|Win32
		{23A99656-942A-4F7A-80B0-8C5FBACE7C0E}.Debug|Win32.ActiveCfg = Debug|Win32
		{23A99656-942A-4F7A-80B0-8C5FBACE7C0E}.Debug|Win32.Build.0 = Debug|Win32
		{23A99656-942A-4F7A-80B0-8C5FBACE7C0E}.Debug|x64.ActiveCfg = Debug|x64
		{23A99656-942A-4F7A-80B0-8C5FBACE7C0E}.Debug|x64.Build.0 = Debug|x64
		{23A99656-942A-4F7A-80B0-8C5FBACE7C0E}.Release|Any CPU.ActiveCfg = Release|Win32
		{23A99656-942A-4F7A-80B0-8C5FBACE7C0E}.Release|Mixed Platforms.ActiveCfg = Release|Win32
		{23A99656-942A-4F7A-80B0-8C5FBACE7C0E}.Release|Mixed Platforms.Build.0 = Release|Win32
		{23A99656-942A-4F7A-80B0-8C5FBACE7C0E}.Release|Win32.ActiveCfg = Release|Win32
		{23A99656-942A-4F7A-80B0-8C5FBACE7C0E}.Release|Win32.Build.0 = Release|Win32
		{23A99656-942A-4F7A-80B0-8C5FBACE7C0E}.Release|x64.ActiveCfg = Release|x64
		{23A99656-942A-4F7A-80B0-8C5FBACE7C0E}.Release|x64.Build.0 = Release|x64
		{B0760903-0839-4713-9E5D-D93372C9020B}.Debug|Any CPU.ActiveCfg = Debug|Win32
		{B0760903-0839-4713-9E5D-D93372C9020B}.Debug|Mixed Platforms.ActiveCfg = Debug|Win32
		{B0760903-0839-4713-9E5D-D93372C9020B}.Debug|Mixed Platforms.Build.0 = Debug|Win32
		{B0760903-0839-4713-9E5D-D93372C9020B}.Debug|Win32.ActiveCfg = Debug|Win32
		{B0760903-0839-4713-9E5D-D93372C9020B}.Debug|Win32.Build.0 = Debug|Win32
		{B0760903-0839-4713-9E5D-D93372C9020B}.Debug|x64.ActiveCfg = Debug|x64
		{B0760903-0839-4713-9E5D-D93372C9020B}.Debug|x64.Build.0 = Debug|x64
		{B0760903-0839-4713-9E5D-D93372C9020B}.Release|Any CPU.ActiveCfg = Release|Win32
		{B0760903-0839-4713-9E5D-D93372C9020B}.Release|Mixed Platforms.ActiveCfg = Release|Win32
		{B0760903-0839-4713-9E5D-D93372C9020B}.Release|Mixed Platforms.Build.0 = Release|Win32
		{B0760903-0839-4713-9E5D-D93372C9020B}.Release|Win32.ActiveCfg = Release|Win32
		{B0760903-0839-4713-9E5D-D93372C9020B}.Release|Win32.Build.0 = Release|Win32
		{B0760903-0839-4713-9E5D-D93372C9020B}.Release|x64.ActiveCfg = Release|x64
		{B0760903-0839-4713-9E5D-D93372C9020B}.Release|x64.Build.0 = Release|x64
		{129C3125-26C1-4282-AE5E-F8AC00BDC772}.Debug|Any CPU.ActiveCfg = Debug|Win32
		{129C3125-26C1-4282-AE5E-F8AC00BDC772}.Debug|Mixed Platforms.ActiveCfg = Debug|Win32
		{129C3125-26C1-4282-AE5E-F8AC00BDC772}.Debug|Mixed Platforms.Build.0 = Debug|Win32
		{129C3125-26C1-4282-AE5E-F8AC00BDC772}.Debug|Win32.ActiveCfg = Debug|Win32
		{129C3125-26C1-4282-AE5E-F8AC00BDC772}.Debug|Win32.Build.0 = Debug|Win32
		{129C3125-26C1-4282-AE5E-F8AC00BDC772}.Debug|x64.ActiveCfg = Debug|x64
		{129C3125-26C1-4282-AE5E-F8AC00BDC772}.Debug|x64.Build.0 = Debug|x64
		{129C3125-26C1-4282-AE5E-F8AC00BDC772}.Release|Any CPU.ActiveCfg = Release|Win32
		{129C3125-26C1-4282-AE5E-F8AC00BDC772}.Release|Mixed Platforms.ActiveCfg = Release|Win32
		{129C3125-26C1-4282-AE5E-F8AC00BDC772}.Release|Mixed Platforms.Build.0 = Release|Win32
		{129C3125-26C1-4282-AE5E-F8AC00BDC772}.Release|Win32.ActiveCfg = Release|Win32
		{129C3125-26C1-4282-AE5E-F8AC00BDC772}.Release|Win32.Build.0 = Release|Win32
		{129C3125-26C1-4282-AE5E-F8AC00BDC772}.Release|x64.ActiveCfg = Release|x64
		{129C3125-26C1-4282-AE5E-F8AC00BDC772}.Release|x64.Build.0 = Release|x64
		{1C847BC1-A375-4D76-966A-BD028C342EAE}.Debug|Any CPU.ActiveCfg = Debug|Win32
		{1C847BC1-A375-4D76-966A-BD028C342EAE}.Debug|Mixed Platforms.ActiveCfg = Debug|Win32
		{1C847BC1-A375-4D76-966A-BD028C342EAE}.Debug|Mixed Platforms.Build.0 = Debug|Win32
		{1C847BC1-A375-4D76-966A-BD028C342EAE}.Debug|Win32.ActiveCfg = Debug|Win32
		{1C847BC1-A375-4D76-966A-BD028C342EAE}.Debug|Win32.Build.0 = Debug|Win32
		{1C847BC1-A375-4D76-966A-BD028C342EAE}.Debug|x64.ActiveCfg = Debug|x64
		{1C847BC1-A375-4D76-966A-BD028C342EAE}.Debug|x64.Build.0 = Debug|x64
		{1C847BC1-A375-4D76-966A-BD028C342EAE}.Release|Any CPU.ActiveCfg = Release|Win32
		{1C847BC1-A375-4D76-966A-BD028C342EAE}.Release|Mixed Platforms.ActiveCfg = Release|Win32
		{1C847BC1-A375-4D76-966A-BD028C342EAE}.Release|Mixed Platforms.Build.0 = Release|Win32
		{1C847BC1-A375-4D76-966A-BD028C342EAE}.Release|Win32.ActiveCfg = Release|Win32
		{1C847BC1-A375-4D76-966A-BD028C342EAE}.Release|Win32.Build.0 = Release|Win32
		{1C847BC1-A375-4D76-966A-BD028C342EAE}.Release|x64.ActiveCfg = Release|x64
		{1C847BC1-A375-4D76-966A-BD028C342EAE}.Release|x64.Build.0 = Release|x64
		{B647DCC8-0F93-4772-B92B-488ED35C2E2C}.Debug|Any CPU.ActiveCfg = Debug|Win32
		{B647DCC8-0F93-4772-B92B-488ED35C2E2C}.Debug|Mixed Platforms.ActiveCfg = Debug|Win32
		{B647DCC8-0F93-4772-B92B-488ED35C2E2C}.Debug|Mixed Platforms.Build.0 = Debug|Win32
		{B647DCC8-0F93-4772-B92B-488ED35C2E2C}.Debug|Win32.ActiveCfg = Debug|Win32
		{B647DCC8-0F93-4772-B92B-488ED35C2E2C}.Debug|Win32.Build.0 = Debug|Win32
		{B647DCC8-0F93-4772-B92B-488ED35C2E2C}.Debug|x64.ActiveCfg = Debug|x64
		{B647DCC8-0F93-4772-B92B-488ED35C2E2C}.Debug|x64.Build.0 = Debug|x64
		{B647DCC8-0F93-4772-B92B-488ED35C2E2C}.Release|Any CPU.ActiveCfg = Release|Win32
		{B647DCC8-0F93-4772-B92B-488ED35C2E2C}.Release|Mixed Platforms.ActiveCfg = Release|Win32
		{B647DCC8-0F93-4772-B92B-488ED35C2E2C}.Release|Mixed Platforms.Build.0 = Release|Win32
		{B647DCC8-0F93-4772-B92B-488ED35C2E2C}.Release|Win32.ActiveCfg = Release|Win32
		{B647DCC8-0F93-4772-B92B-488ED35C2E2C}.Release|Win32.Build.0 = Release|Win32
		{B647DCC8-0F93-4772-B92B-488ED35C2E2C}.Release|x64.ActiveCfg = Release|x64
		{B647DCC8-0F93-4772-B92B-488ED35C2E2C}.Release|x64.Build.0 = Release|x64
		{86C2A60A-F357-4144-AFD6-F21A5F6DCE5D}.Debug|Any CPU.ActiveCfg = Debug|Win32
		{86C2A60A-F357-4144-AFD6-F21A5F6DCE5D}.Debug|Mixed Platforms.ActiveCfg = Debug|Win32
		{86C2A60A-F357-4144-AFD6-F21A5F6DCE5D}.Debug|Mixed Platforms.Build.0 = Debug|Win32
		{86C2A60A-F357-4144-AFD6-F21A5F6DCE5D}.Debug|Win32.ActiveCfg = Debug|Win32
		{86C2A60A-F357-4144-AFD6-F21A5F6DCE5D}.Debug|Win32.Build.0 = Debug|Win32
		{86C2A60A-F357-4144-AFD6-F21A5F6DCE5D}.Debug|x64.ActiveCfg = Debug|Win32
		{86C2A60A-F357-4144-AFD6-F21A5F6DCE5D}.Release|Any CPU.ActiveCfg = Release|Win32
		{86C2A60A-F357-4144-AFD6-F21A5F6DCE5D}.Release|Mixed Platforms.ActiveCfg = Release|Win32
		{86C2A60A-F357-4144-AFD6-F21A5F6DCE5D}.Release|Mixed Platforms.Build.0 = Release|Win32
		{86C2A60A-F357-4144-AFD6-F21A5F6DCE5D}.Release|Win32.ActiveCfg = Release|Win32
		{86C2A60A-F357-4144-AFD6-F21A5F6DCE5D}.Release|Win32.Build.0 = Release|Win32
		{86C2A60A-F357-4144-AFD6-F21A5F6DCE5D}.Release|x64.ActiveCfg = Release|x64
		{86C2A60A-F357-4144-AFD6-F21A5F6DCE5D}.Release|x64.Build.0 = Release|x64
		{18EB5A95-69B7-4DAA-9CBC-CDCDEF4D5694}.Debug|Any CPU.ActiveCfg = Debug|Win32
		{18EB5A95-69B7-4DAA-9CBC-CDCDEF4D5694}.Debug|Mixed Platforms.ActiveCfg = Debug|Win32
		{18EB5A95-69B7-4DAA-9CBC-CDCDEF4D5694}.Debug|Mixed Platforms.Build.0 = Debug|Win32
		{18EB5A95-69B7-4DAA-9CBC-CDCDEF4D5694}.Debug|Win32.ActiveCfg = Debug|Win32
		{18EB5A95-69B7-4DAA-9CBC-CDCDEF4D5694}.Debug|Win32.Build.0 = Debug|Win32
		{18EB5A95-69B7-4DAA-9CBC-CDCDEF4D5694}.Debug|x64.ActiveCfg = Debug|Win32
		{18EB5A95-69B7-4DAA-9CBC-CDCDEF4D5694}.Release|Any CPU.ActiveCfg = Release|Win32
		{18EB5A95-69B7-4DAA-9CBC-CDCDEF4D5694}.Release|Mixed Platforms.ActiveCfg = Release|Win32
		{18EB5A95-69B7-4DAA-9CBC-CDCDEF4D5694}.Release|Mixed Platforms.Build.0 = Release|Win32
		{18EB5A95-69B7-4DAA-9CBC-CDCDEF4D5694}.Release|Win32.ActiveCfg = Release|Win32
		{18EB5A95-69B7-4DAA-9CBC-CDCDEF4D5694}.Release|Win32.Build.0 = Release|Win32
		{18EB5A95-69B7-4DAA-9CBC-CDCDEF4D5694}.Release|x64.ActiveCfg = Release|Win32
		{4622D4B1-C384-4A5C-9EC9-730AD8602EA7}.Debug|Any CPU.ActiveCfg = Debug|Win32
		{4622D4B1-C384-4A5C-9EC9-730AD8602EA7}.Debug|Mixed Platforms.ActiveCfg = Debug|Win32
		{4622D4B1-C384-4A5C-9EC9-730AD8602EA7}.Debug|Mixed Platforms.Build.0 = Debug|Win32
		{4622D4B1-C384-4A5C-9EC9-730AD8602EA7}.Debug|Win32.ActiveCfg = Debug|Win32
		{4622D4B1-C384-4A5C-9EC9-730AD8602EA7}.Debug|Win32.Build.0 = Debug|Win32
		{4622D4B1-C384-4A5C-9EC9-730AD8602EA7}.Debug|x64.ActiveCfg = Debug|Win32
		{4622D4B1-C384-4A5C-9EC9-730AD8602EA7}.Release|Any CPU.ActiveCfg = Release|Win32
		{4622D4B1-C384-4A5C-9EC9-730AD8602EA7}.Release|Mixed Platforms.ActiveCfg = Release|Win32
		{4622D4B1-C384-4A5C-9EC9-730AD8602EA7}.Release|Mixed Platforms.Build.0 = Release|Win32
		{4622D4B1-C384-4A5C-9EC9-730AD8602EA7}.Release|Win32.ActiveCfg = Release|Win32
		{4622D4B1-C384-4A5C-9EC9-730AD8602EA7}.Release|Win32.Build.0 = Release|Win32
		{4622D4B1-C384-4A5C-9EC9-730AD8602EA7}.Release|x64.ActiveCfg = Release|Win32
		{8FF832F5-B65F-4671-B86B-ED6437CFE788}.Debug|Any CPU.ActiveCfg = Debug|Win32
		{8FF832F5-B65F-4671-B86B-ED6437CFE788}.Debug|Mixed Platforms.ActiveCfg = Debug|Win32
		{8FF832F5-B65F-4671-B86B-ED6437CFE788}.Debug|Mixed Platforms.Build.0 = Debug|Win32
		{8FF832F5-B65F-4671-B86B-ED6437CFE788}.Debug|Win32.ActiveCfg = Debug|Win32
		{8FF832F5-B65F-4671-B86B-ED6437CFE788}.Debug|Win32.Build.0 = Debug|Win32
		{8FF832F5-B65F-4671-B86B-ED6437CFE788}.Debug|x64.ActiveCfg = Debug|Win32
		{8FF832F5-B65F-4671-B86B-ED6437CFE788}.Release|Any CPU.ActiveCfg = Release|Win32
		{8FF832F5-B65F-4671-B86B-ED6437CFE788}.Release|Mixed Platforms.ActiveCfg = Release|Win32
		{8FF832F5-B65F-4671-B86B-ED6437CFE788}.Release|Mixed Platforms.Build.0 = Release|Win32
		{8FF832F5-B65F-4671-B86B-ED6437CFE788}.Release|Win32.ActiveCfg = Release|Win32
		{8FF832F5-B65F-4671-B86B-ED6437CFE788}.Release|Win32.Build.0 = Release|Win32
		{8FF832F5-B65F-4671-B86B-ED6437CFE788}.Release|x64.ActiveCfg = Release|Win32
		{893034F0-5D02-4A0C-9B4D-2807F6D7F3E2}.Debug|Any CPU.ActiveCfg = Debug|Win32
		{893034F0-5D02-4A0C-9B4D-2807F6D7F3E2}.Debug|Mixed Platforms.ActiveCfg = Debug|Win32
		{893034F0-5D02-4A0C-9B4D-2807F6D7F3E2}.Debug|Mixed Platforms.Build.0 = Debug|Win32
		{893034F0-5D02-4A0C-9B4D-2807F6D7F3E2}.Debug|Win32.ActiveCfg = Debug|Win32
		{893034F0-5D02-4A0C-9B4D-2807F6D7F3E2}.Debug|Win32.Build.0 = Debug|Win32
		{893034F0-5D02-4A0C-9B4D-2807F6D7F3E2}.Debug|x64.ActiveCfg = Debug|x64
		{893034F0-5D02-4A0C-9B4D-2807F6D7F3E2}.Debug|x64.Build.0 = Debug|x64
		{893034F0-5D02-4A0C-9B4D-2807F6D7F3E2}.Release|Any CPU.ActiveCfg = Release|Win32
		{893034F0-5D02-4A0C-9B4D-2807F6D7F3E2}.Release|Mixed Platforms.ActiveCfg = Release|Win32
		{893034F0-5D02-4A0C-9B4D-2807F6D7F3E2}.Release|Mixed Platforms.Build.0 = Release|Win32
		{893034F0-5D02-4A0C-9B4D-2807F6D7F3E2}.Release|Win32.ActiveCfg = Release|Win32
		{893034F0-5D02-4A0C-9B4D-2807F6D7F3E2}.Release|Win32.Build.0 = Release|Win32
		{893034F0-5D02-4A0C-9B4D-2807F6D7F3E2}.Release|x64.ActiveCfg = Release|x64
		{893034F0-5D02-4A0C-9B4D-2807F6D7F3E2}.Release|x64.Build.0 = Release|x64
		{EF9B1E4C-726C-4F2C-B029-8399AB692325}.Debug|Any CPU.ActiveCfg = Debug|Any CPU
		{EF9B1E4C-726C-4F2C-B029-8399AB692325}.Debug|Any CPU.Build.0 = Debug|Any CPU
		{EF9B1E4C-726C-4F2C-B029-8399AB692325}.Debug|Mixed Platforms.ActiveCfg = Debug|Any CPU
		{EF9B1E4C-726C-4F2C-B029-8399AB692325}.Debug|Mixed Platforms.Build.0 = Debug|Any CPU
		{EF9B1E4C-726C-4F2C-B029-8399AB692325}.Debug|Win32.ActiveCfg = Debug|Any CPU
		{EF9B1E4C-726C-4F2C-B029-8399AB692325}.Debug|x64.ActiveCfg = Debug|Any CPU
		{EF9B1E4C-726C-4F2C-B029-8399AB692325}.Release|Any CPU.ActiveCfg = Release|Any CPU
		{EF9B1E4C-726C-4F2C-B029-8399AB692325}.Release|Any CPU.Build.0 = Release|Any CPU
		{EF9B1E4C-726C-4F2C-B029-8399AB692325}.Release|Mixed Platforms.ActiveCfg = Release|Any CPU
		{EF9B1E4C-726C-4F2C-B029-8399AB692325}.Release|Mixed Platforms.Build.0 = Release|Any CPU
		{EF9B1E4C-726C-4F2C-B029-8399AB692325}.Release|Win32.ActiveCfg = Release|Any CPU
		{EF9B1E4C-726C-4F2C-B029-8399AB692325}.Release|x64.ActiveCfg = Release|Any CPU
	EndGlobalSection
	GlobalSection(SolutionProperties) = preSolution
		HideSolutionNode = FALSE
	EndGlobalSection
EndGlobal
