<?xml version="1.0" encoding="utf-8"?>
<Project ToolsVersion="4.0" xmlns="http://schemas.microsoft.com/developer/msbuild/2003">
  <ItemGroup>
    <Filter Include="源文件">
      <UniqueIdentifier>{4FC737F1-C7A5-4376-A066-2A32D752A2FF}</UniqueIdentifier>
      <Extensions>cpp;c;cc;cxx;def;odl;idl;hpj;bat;asm;asmx</Extensions>
    </Filter>
    <Filter Include="头文件">
      <UniqueIdentifier>{93995380-89BD-4b04-88EB-625FBE52EBFB}</UniqueIdentifier>
      <Extensions>h;hh;hpp;hxx;hm;inl;inc;xsd</Extensions>
    </Filter>
    <Filter Include="资源文件">
      <UniqueIdentifier>{67DA6AB6-F800-4c08-8B7A-83BB121AAD01}</UniqueIdentifier>
      <Extensions>rc;ico;cur;bmp;dlg;rc2;rct;bin;rgs;gif;jpg;jpeg;jpe;resx;tiff;tif;png;wav;mfcribbon-ms</Extensions>
    </Filter>
    <Filter Include="message">
      <UniqueIdentifier>{e535ce7c-e807-46f8-ad20-3fd8262a93d2}</UniqueIdentifier>
    </Filter>
    <Filter Include="json">
      <UniqueIdentifier>{796cc639-3424-46bf-8134-0de5ffb28dbd}</UniqueIdentifier>
    </Filter>
    <Filter Include="aoi">
      <UniqueIdentifier>{ecb4b22c-f418-4272-80ee-302df6ddc8fc}</UniqueIdentifier>
    </Filter>
    <Filter Include="rank_template">
      <UniqueIdentifier>{8463de23-5324-4526-9ccd-b7cbfe10dca9}</UniqueIdentifier>
    </Filter>
    <Filter Include="proto_paser">
      <UniqueIdentifier>{0ac66c3f-d422-4c75-944b-83515f083597}</UniqueIdentifier>
    </Filter>
  </ItemGroup>
  <ItemGroup>
    <ClInclude Include="MessageHandle.h">
      <Filter>头文件</Filter>
    </ClInclude>
    <ClInclude Include="NetPack.h">
      <Filter>头文件</Filter>
    </ClInclude>
    <ClInclude Include="NetService.h">
      <Filter>头文件</Filter>
    </ClInclude>
    <ClInclude Include="Singleton.h">
      <Filter>头文件</Filter>
    </ClInclude>
    <ClInclude Include="io_service_pool.h">
      <Filter>头文件</Filter>
    </ClInclude>
    <ClInclude Include="ServerIni.h">
      <Filter>头文件</Filter>
    </ClInclude>
    <ClInclude Include="NetMessage.h">
      <Filter>头文件</Filter>
    </ClInclude>
    <ClInclude Include="public.h">
      <Filter>头文件</Filter>
    </ClInclude>
    <ClInclude Include="NetClient.h">
      <Filter>头文件</Filter>
    </ClInclude>
    <ClInclude Include="Enum.h">
      <Filter>头文件</Filter>
    </ClInclude>
    <ClInclude Include="Struct.h">
      <Filter>头文件</Filter>
    </ClInclude>
    <ClInclude Include="Helper.h">
      <Filter>头文件</Filter>
    </ClInclude>
    <ClInclude Include="sourceMap.h">
      <Filter>头文件</Filter>
    </ClInclude>
    <ClInclude Include="TypeTable.h">
      <Filter>头文件</Filter>
    </ClInclude>
    <ClInclude Include="Timer.h">
      <Filter>头文件</Filter>
    </ClInclude>
    <ClInclude Include="TimerManager.h">
      <Filter>头文件</Filter>
    </ClInclude>
    <ClInclude Include="WebSocketProtocol.h">
      <Filter>头文件</Filter>
    </ClInclude>
    <ClInclude Include="base64.h">
      <Filter>头文件</Filter>
    </ClInclude>
    <ClInclude Include="json\autolink.h">
      <Filter>json</Filter>
    </ClInclude>
    <ClInclude Include="json\config.h">
      <Filter>json</Filter>
    </ClInclude>
    <ClInclude Include="json\features.h">
      <Filter>json</Filter>
    </ClInclude>
    <ClInclude Include="json\forwards.h">
      <Filter>json</Filter>
    </ClInclude>
    <ClInclude Include="json\json.h">
      <Filter>json</Filter>
    </ClInclude>
    <ClInclude Include="json\json_batchallocator.h">
      <Filter>json</Filter>
    </ClInclude>
    <ClInclude Include="json\reader.h">
      <Filter>json</Filter>
    </ClInclude>
    <ClInclude Include="json\value.h">
      <Filter>json</Filter>
    </ClInclude>
    <ClInclude Include="json\writer.h">
      <Filter>json</Filter>
    </ClInclude>
    <ClInclude Include="DBResult.h">
      <Filter>头文件</Filter>
    </ClInclude>
    <ClInclude Include="DBService.h">
      <Filter>头文件</Filter>
    </ClInclude>
    <ClInclude Include="DBSqlThread.h">
      <Filter>头文件</Filter>
    </ClInclude>
    <ClInclude Include="AStar.h">
      <Filter>头文件</Filter>
    </ClInclude>
    <ClInclude Include="Log.h">
      <Filter>头文件</Filter>
    </ClInclude>
    <ClInclude Include="Config.h">
      <Filter>头文件</Filter>
    </ClInclude>
    <ClInclude Include="aoi\AOITrigger.h">
      <Filter>aoi</Filter>
    </ClInclude>
    <ClInclude Include="aoi\CoordinateNode.h">
      <Filter>aoi</Filter>
    </ClInclude>
    <ClInclude Include="aoi\CoordinateSystem.h">
      <Filter>aoi</Filter>
    </ClInclude>
    <ClInclude Include="aoi\Entity.h">
      <Filter>aoi</Filter>
    </ClInclude>
    <ClInclude Include="aoi\EntityCoordinateNode.h">
      <Filter>aoi</Filter>
    </ClInclude>
    <ClInclude Include="aoi\EntityRef.h">
      <Filter>aoi</Filter>
    </ClInclude>
    <ClInclude Include="aoi\RangeTrigger.h">
      <Filter>aoi</Filter>
    </ClInclude>
    <ClInclude Include="aoi\RangeTriggerNode.h">
      <Filter>aoi</Filter>
    </ClInclude>
    <ClInclude Include="aoi\Space.h">
      <Filter>aoi</Filter>
    </ClInclude>
    <ClInclude Include="aoi\Vector3.h">
      <Filter>aoi</Filter>
    </ClInclude>
    <ClInclude Include="aoi\Witness.h">
      <Filter>aoi</Filter>
    </ClInclude>
    <ClInclude Include="rank_template.h">
      <Filter>rank_template</Filter>
    </ClInclude>
    <ClInclude Include="proto_data.h">
      <Filter>proto_paser</Filter>
    </ClInclude>
    <ClInclude Include="crashReport.h">
      <Filter>头文件</Filter>
    </ClInclude>
  </ItemGroup>
  <ItemGroup>
    <ClCompile Include="NetService.cpp">
      <Filter>源文件</Filter>
    </ClCompile>
    <ClCompile Include="main.cpp">
      <Filter>源文件</Filter>
    </ClCompile>
    <ClCompile Include="NetClient.cpp">
      <Filter>源文件</Filter>
    </ClCompile>
    <ClCompile Include="Helper.cpp">
      <Filter>头文件</Filter>
    </ClCompile>
    <ClCompile Include="TypeTable.cpp">
      <Filter>头文件</Filter>
    </ClCompile>
    <ClCompile Include="TimerManager.cpp">
      <Filter>头文件</Filter>
    </ClCompile>
    <ClCompile Include="WebSocketProtocol.cpp">
      <Filter>源文件</Filter>
    </ClCompile>
    <ClCompile Include="base64.cpp">
      <Filter>头文件</Filter>
    </ClCompile>
    <ClCompile Include="json\json_reader.cpp">
      <Filter>json</Filter>
    </ClCompile>
    <ClCompile Include="json\json_value.cpp">
      <Filter>json</Filter>
    </ClCompile>
    <ClCompile Include="json\json_writer.cpp">
      <Filter>json</Filter>
    </ClCompile>
    <ClCompile Include="DBResult.cpp">
      <Filter>头文件</Filter>
    </ClCompile>
    <ClCompile Include="DBService.cpp">
      <Filter>头文件</Filter>
    </ClCompile>
    <ClCompile Include="DBSqlThread.cpp">
      <Filter>头文件</Filter>
    </ClCompile>
    <ClCompile Include="AStar.cpp">
      <Filter>头文件</Filter>
    </ClCompile>
    <ClCompile Include="Log.cpp">
      <Filter>头文件</Filter>
    </ClCompile>
    <ClCompile Include="aoi\AOITrigger.cpp">
      <Filter>aoi</Filter>
    </ClCompile>
    <ClCompile Include="aoi\CoordinateSystem.cpp">
      <Filter>aoi</Filter>
    </ClCompile>
    <ClCompile Include="aoi\Entity.cpp">
      <Filter>aoi</Filter>
    </ClCompile>
    <ClCompile Include="aoi\EntityCoordinateNode.cpp">
      <Filter>aoi</Filter>
    </ClCompile>
    <ClCompile Include="aoi\EntityRef.cpp">
      <Filter>aoi</Filter>
    </ClCompile>
    <ClCompile Include="aoi\RangeTrigger.cpp">
      <Filter>aoi</Filter>
    </ClCompile>
    <ClCompile Include="aoi\RangeTriggerNode.cpp">
      <Filter>aoi</Filter>
    </ClCompile>
    <ClCompile Include="aoi\Space.cpp">
      <Filter>aoi</Filter>
    </ClCompile>
    <ClCompile Include="aoi\Witness.cpp">
      <Filter>aoi</Filter>
    </ClCompile>
    <ClCompile Include="proto_data.cpp">
      <Filter>proto_paser</Filter>
    </ClCompile>
    <ClCompile Include="crashReport.cpp">
      <Filter>头文件</Filter>
    </ClCompile>
  </ItemGroup>
  <ItemGroup>
    <None Include="json\json_internalarray.inl">
      <Filter>json</Filter>
    </None>
    <None Include="json\json_internalmap.inl">
      <Filter>json</Filter>
    </None>
    <None Include="json\json_valueiterator.inl">
      <Filter>json</Filter>
    </None>
  </ItemGroup>
</Project>